
Microsoft Visual Studio Solution File, Format Version 12.00
# Visual Studio 15
VisualStudioVersion = 15.0.26730.10
MinimumVisualStudioVersion = 10.0.40219.1
Project("{FAE04EC0-301F-11D3-BF4B-00C04F79EFBC}") = "WFConsole-Simple", "WFConsole-Simple\WFConsole-Simple.csproj", "{42D4B4B7-6911-488E-AF5C-C132E323FD10}"
EndProject
Project("{FAE04EC0-301F-11D3-BF4B-00C04F79EFBC}") = "WFLongApp-Simple", "WF-LongApp\WFLongApp-Simple.csproj", "{785B4787-AAE0-41FB-9FB0-1182F9F9E5F0}"
EndProject
Project("{FAE04EC0-301F-11D3-BF4B-00C04F79EFBC}") = "WFService-Calc", "WFService-Calc\WFService-Calc.csproj", "{BBC708D4-8F27-48A2-9B8A-2FD7550C1FF5}"
EndProject
Project("{FAE04EC0-301F-11D3-BF4B-00C04F79EFBC}") = "WFAndMVC-Simple", "WFWeb-Invoker\WFAndMVC-Simple.csproj", "{0892E4A5-6792-4A1B-BFBE-6750B5846F82}"
EndProject
Global
	GlobalSection(SolutionConfigurationPlatforms) = preSolution
		Debug|Any CPU = Debug|Any CPU
		Debug|x86 = Debug|x86
		Release|Any CPU = Release|Any CPU
		Release|x86 = Release|x86
	EndGlobalSection
	GlobalSection(ProjectConfigurationPlatforms) = postSolution
		{42D4B4B7-6911-488E-AF5C-C132E323FD10}.Debug|Any CPU.ActiveCfg = Debug|x86
		{42D4B4B7-6911-488E-AF5C-C132E323FD10}.Debug|x86.ActiveCfg = Debug|x86
		{42D4B4B7-6911-488E-AF5C-C132E323FD10}.Debug|x86.Build.0 = Debug|x86
		{42D4B4B7-6911-488E-AF5C-C132E323FD10}.Release|Any CPU.ActiveCfg = Release|x86
		{42D4B4B7-6911-488E-AF5C-C132E323FD10}.Release|x86.ActiveCfg = Release|x86
		{42D4B4B7-6911-488E-AF5C-C132E323FD10}.Release|x86.Build.0 = Release|x86
		{785B4787-AAE0-41FB-9FB0-1182F9F9E5F0}.Debug|Any CPU.ActiveCfg = Debug|x86
		{785B4787-AAE0-41FB-9FB0-1182F9F9E5F0}.Debug|x86.ActiveCfg = Debug|x86
		{785B4787-AAE0-41FB-9FB0-1182F9F9E5F0}.Debug|x86.Build.0 = Debug|x86
		{785B4787-AAE0-41FB-9FB0-1182F9F9E5F0}.Release|Any CPU.ActiveCfg = Release|x86
		{785B4787-AAE0-41FB-9FB0-1182F9F9E5F0}.Release|x86.ActiveCfg = Release|x86
		{785B4787-AAE0-41FB-9FB0-1182F9F9E5F0}.Release|x86.Build.0 = Release|x86
		{BBC708D4-8F27-48A2-9B8A-2FD7550C1FF5}.Debug|Any CPU.ActiveCfg = Debug|Any CPU
		{BBC708D4-8F27-48A2-9B8A-2FD7550C1FF5}.Debug|Any CPU.Build.0 = Debug|Any CPU
		{BBC708D4-8F27-48A2-9B8A-2FD7550C1FF5}.Debug|x86.ActiveCfg = Debug|Any CPU
		{BBC708D4-8F27-48A2-9B8A-2FD7550C1FF5}.Debug|x86.Build.0 = Debug|Any CPU
		{BBC708D4-8F27-48A2-9B8A-2FD7550C1FF5}.Release|Any CPU.ActiveCfg = Release|Any CPU
		{BBC708D4-8F27-48A2-9B8A-2FD7550C1FF5}.Release|Any CPU.Build.0 = Release|Any CPU
		{BBC708D4-8F27-48A2-9B8A-2FD7550C1FF5}.Release|x86.ActiveCfg = Release|Any CPU
		{BBC708D4-8F27-48A2-9B8A-2FD7550C1FF5}.Release|x86.Build.0 = Release|Any CPU
		{0892E4A5-6792-4A1B-BFBE-6750B5846F82}.Debug|Any CPU.ActiveCfg = Debug|Any CPU
		{0892E4A5-6792-4A1B-BFBE-6750B5846F82}.Debug|Any CPU.Build.0 = Debug|Any CPU
		{0892E4A5-6792-4A1B-BFBE-6750B5846F82}.Debug|x86.ActiveCfg = Debug|Any CPU
		{0892E4A5-6792-4A1B-BFBE-6750B5846F82}.Debug|x86.Build.0 = Debug|Any CPU
		{0892E4A5-6792-4A1B-BFBE-6750B5846F82}.Release|Any CPU.ActiveCfg = Release|Any CPU
		{0892E4A5-6792-4A1B-BFBE-6750B5846F82}.Release|Any CPU.Build.0 = Release|Any CPU
		{0892E4A5-6792-4A1B-BFBE-6750B5846F82}.Release|x86.ActiveCfg = Release|Any CPU
		{0892E4A5-6792-4A1B-BFBE-6750B5846F82}.Release|x86.Build.0 = Release|Any CPU
	EndGlobalSection
	GlobalSection(SolutionProperties) = preSolution
		HideSolutionNode = FALSE
	EndGlobalSection
	GlobalSection(ExtensibilityGlobals) = postSolution
		SolutionGuid = {CB0953C3-76D4-4AF6-B87A-82603C7A91E5}
	EndGlobalSection
EndGlobal
